// !$*UTF8*$!
{
	archiveVersion = 1;
	classes = {
	};
	objectVersion = 48;
	objects = {

/* Begin PBXBuildFile section */
		7201F02020755DEF0026C710 /* DataController.swift in Sources */ = {isa = PBXBuildFile; fileRef = 7201F01F20755DEF0026C710 /* DataController.swift */; };
		7228216C206ACC550097A891 /* GCDMain.swift in Sources */ = {isa = PBXBuildFile; fileRef = 7228216B206ACC550097A891 /* GCDMain.swift */; };
		723B60EC208400E4007A7EF0 /* ImageCollectionViewCell.swift in Sources */ = {isa = PBXBuildFile; fileRef = 723B60EB208400E4007A7EF0 /* ImageCollectionViewCell.swift */; };
		725D9415208146310007B2D0 /* FlickrClient.swift in Sources */ = {isa = PBXBuildFile; fileRef = 725D9414208146310007B2D0 /* FlickrClient.swift */; };
		725D9417208148280007B2D0 /* FlickrConstants.swift in Sources */ = {isa = PBXBuildFile; fileRef = 725D9416208148280007B2D0 /* FlickrConstants.swift */; };
		725D9419208178A50007B2D0 /* FlickrConvenience.swift in Sources */ = {isa = PBXBuildFile; fileRef = 725D9418208178A50007B2D0 /* FlickrConvenience.swift */; };
		72701451208071D200866751 /* Pin+Extensions.swift in Sources */ = {isa = PBXBuildFile; fileRef = 72701450208071D200866751 /* Pin+Extensions.swift */; };
		727D21F3206AA531001F3A35 /* AppDelegate.swift in Sources */ = {isa = PBXBuildFile; fileRef = 727D21F2206AA531001F3A35 /* AppDelegate.swift */; };
		727D21F5206AA531001F3A35 /* TravelLocationsViewController.swift in Sources */ = {isa = PBXBuildFile; fileRef = 727D21F4206AA531001F3A35 /* TravelLocationsViewController.swift */; };
		727D21F8206AA531001F3A35 /* Main.storyboard in Resources */ = {isa = PBXBuildFile; fileRef = 727D21F6206AA531001F3A35 /* Main.storyboard */; };
		727D21FA206AA531001F3A35 /* Assets.xcassets in Resources */ = {isa = PBXBuildFile; fileRef = 727D21F9206AA531001F3A35 /* Assets.xcassets */; };
		727D21FD206AA531001F3A35 /* LaunchScreen.storyboard in Resources */ = {isa = PBXBuildFile; fileRef = 727D21FB206AA531001F3A35 /* LaunchScreen.storyboard */; };
		727D2208206AA531001F3A35 /* VirtualTouristTests.swift in Sources */ = {isa = PBXBuildFile; fileRef = 727D2207206AA531001F3A35 /* VirtualTouristTests.swift */; };
		727D2213206AA531001F3A35 /* VirtualTouristUITests.swift in Sources */ = {isa = PBXBuildFile; fileRef = 727D2212206AA531001F3A35 /* VirtualTouristUITests.swift */; };
		728ACF77208116980005A60A /* PhotoAlbumViewController.swift in Sources */ = {isa = PBXBuildFile; fileRef = 728ACF76208116980005A60A /* PhotoAlbumViewController.swift */; };
		72F04F98210C988C008209F7 /* VirtualTourist-Demo.xcdatamodeld in Sources */ = {isa = PBXBuildFile; fileRef = 72F04F96210C988C008209F7 /* VirtualTourist-Demo.xcdatamodeld */; };
/* End PBXBuildFile section */

/* Begin PBXContainerItemProxy section */
		727D2204206AA531001F3A35 /* PBXContainerItemProxy */ = {
			isa = PBXContainerItemProxy;
			containerPortal = 727D21E7206AA531001F3A35 /* Project object */;
			proxyType = 1;
			remoteGlobalIDString = 727D21EE206AA531001F3A35;
			remoteInfo = VirtualTourist;
		};
		727D220F206AA531001F3A35 /* PBXContainerItemProxy */ = {
			isa = PBXContainerItemProxy;
			containerPortal = 727D21E7206AA531001F3A35 /* Project object */;
			proxyType = 1;
			remoteGlobalIDString = 727D21EE206AA531001F3A35;
			remoteInfo = VirtualTourist;
		};
/* End PBXContainerItemProxy section */

/* Begin PBXFileReference section */
		7201F01F20755DEF0026C710 /* DataController.swift */ = {isa = PBXFileReference; lastKnownFileType = sourcecode.swift; path = DataController.swift; sourceTree = "<group>"; };
		7228216B206ACC550097A891 /* GCDMain.swift */ = {isa = PBXFileReference; lastKnownFileType = sourcecode.swift; path = GCDMain.swift; sourceTree = "<group>"; };
		723B60EB208400E4007A7EF0 /* ImageCollectionViewCell.swift */ = {isa = PBXFileReference; lastKnownFileType = sourcecode.swift; path = ImageCollectionViewCell.swift; sourceTree = "<group>"; };
		725D9414208146310007B2D0 /* FlickrClient.swift */ = {isa = PBXFileReference; lastKnownFileType = sourcecode.swift; path = FlickrClient.swift; sourceTree = "<group>"; };
		725D9416208148280007B2D0 /* FlickrConstants.swift */ = {isa = PBXFileReference; lastKnownFileType = sourcecode.swift; path = FlickrConstants.swift; sourceTree = "<group>"; };
		725D9418208178A50007B2D0 /* FlickrConvenience.swift */ = {isa = PBXFileReference; lastKnownFileType = sourcecode.swift; path = FlickrConvenience.swift; sourceTree = "<group>"; };
		72701450208071D200866751 /* Pin+Extensions.swift */ = {isa = PBXFileReference; lastKnownFileType = sourcecode.swift; path = "Pin+Extensions.swift"; sourceTree = "<group>"; };
		727D21EF206AA531001F3A35 /* VirtualTourist.app */ = {isa = PBXFileReference; explicitFileType = wrapper.application; includeInIndex = 0; path = VirtualTourist.app; sourceTree = BUILT_PRODUCTS_DIR; };
		727D21F2206AA531001F3A35 /* AppDelegate.swift */ = {isa = PBXFileReference; lastKnownFileType = sourcecode.swift; path = AppDelegate.swift; sourceTree = "<group>"; };
		727D21F4206AA531001F3A35 /* TravelLocationsViewController.swift */ = {isa = PBXFileReference; lastKnownFileType = sourcecode.swift; path = TravelLocationsViewController.swift; sourceTree = "<group>"; };
		727D21F7206AA531001F3A35 /* Base */ = {isa = PBXFileReference; lastKnownFileType = file.storyboard; name = Base; path = Base.lproj/Main.storyboard; sourceTree = "<group>"; };
		727D21F9206AA531001F3A35 /* Assets.xcassets */ = {isa = PBXFileReference; lastKnownFileType = folder.assetcatalog; path = Assets.xcassets; sourceTree = "<group>"; };
		727D21FC206AA531001F3A35 /* Base */ = {isa = PBXFileReference; lastKnownFileType = file.storyboard; name = Base; path = Base.lproj/LaunchScreen.storyboard; sourceTree = "<group>"; };
		727D21FE206AA531001F3A35 /* Info.plist */ = {isa = PBXFileReference; lastKnownFileType = text.plist.xml; path = Info.plist; sourceTree = "<group>"; };
		727D2203206AA531001F3A35 /* VirtualTouristTests.xctest */ = {isa = PBXFileReference; explicitFileType = wrapper.cfbundle; includeInIndex = 0; path = VirtualTouristTests.xctest; sourceTree = BUILT_PRODUCTS_DIR; };
		727D2207206AA531001F3A35 /* VirtualTouristTests.swift */ = {isa = PBXFileReference; lastKnownFileType = sourcecode.swift; path = VirtualTouristTests.swift; sourceTree = "<group>"; };
		727D2209206AA531001F3A35 /* Info.plist */ = {isa = PBXFileReference; lastKnownFileType = text.plist.xml; path = Info.plist; sourceTree = "<group>"; };
		727D220E206AA531001F3A35 /* VirtualTouristUITests.xctest */ = {isa = PBXFileReference; explicitFileType = wrapper.cfbundle; includeInIndex = 0; path = VirtualTouristUITests.xctest; sourceTree = BUILT_PRODUCTS_DIR; };
		727D2212206AA531001F3A35 /* VirtualTouristUITests.swift */ = {isa = PBXFileReference; lastKnownFileType = sourcecode.swift; path = VirtualTouristUITests.swift; sourceTree = "<group>"; };
		727D2214206AA531001F3A35 /* Info.plist */ = {isa = PBXFileReference; lastKnownFileType = text.plist.xml; path = Info.plist; sourceTree = "<group>"; };
		728ACF76208116980005A60A /* PhotoAlbumViewController.swift */ = {isa = PBXFileReference; lastKnownFileType = sourcecode.swift; path = PhotoAlbumViewController.swift; sourceTree = "<group>"; };
		72F04F97210C988C008209F7 /* VirtualTourist-Demo.xcdatamodel */ = {isa = PBXFileReference; lastKnownFileType = wrapper.xcdatamodel; path = "VirtualTourist-Demo.xcdatamodel"; sourceTree = "<group>"; };
/* End PBXFileReference section */

/* Begin PBXFrameworksBuildPhase section */
		727D21EC206AA531001F3A35 /* Frameworks */ = {
			isa = PBXFrameworksBuildPhase;
			buildActionMask = 2147483647;
			files = (
			);
			runOnlyForDeploymentPostprocessing = 0;
		};
		727D2200206AA531001F3A35 /* Frameworks */ = {
			isa = PBXFrameworksBuildPhase;
			buildActionMask = 2147483647;
			files = (
			);
			runOnlyForDeploymentPostprocessing = 0;
		};
		727D220B206AA531001F3A35 /* Frameworks */ = {
			isa = PBXFrameworksBuildPhase;
			buildActionMask = 2147483647;
			files = (
			);
			runOnlyForDeploymentPostprocessing = 0;
		};
/* End PBXFrameworksBuildPhase section */

/* Begin PBXGroup section */
		7228216A206ACC490097A891 /* GCD */ = {
			isa = PBXGroup;
			children = (
				7228216B206ACC550097A891 /* GCDMain.swift */,
			);
			path = GCD;
			sourceTree = "<group>";
		};
		723B60EA208400BB007A7EF0 /* View */ = {
			isa = PBXGroup;
			children = (
				723B60EB208400E4007A7EF0 /* ImageCollectionViewCell.swift */,
			);
			path = View;
			sourceTree = "<group>";
		};
		725D94132081451D0007B2D0 /* Flickr Client */ = {
			isa = PBXGroup;
			children = (
				725D9414208146310007B2D0 /* FlickrClient.swift */,
				725D9416208148280007B2D0 /* FlickrConstants.swift */,
				725D9418208178A50007B2D0 /* FlickrConvenience.swift */,
			);
			path = "Flickr Client";
			sourceTree = "<group>";
		};
		727D21E6206AA531001F3A35 = {
			isa = PBXGroup;
			children = (
				727D21F1206AA531001F3A35 /* VirtualTourist */,
				727D2206206AA531001F3A35 /* VirtualTouristTests */,
				727D2211206AA531001F3A35 /* VirtualTouristUITests */,
				727D21F0206AA531001F3A35 /* Products */,
			);
			sourceTree = "<group>";
		};
		727D21F0206AA531001F3A35 /* Products */ = {
			isa = PBXGroup;
			children = (
				727D21EF206AA531001F3A35 /* VirtualTourist.app */,
				727D2203206AA531001F3A35 /* VirtualTouristTests.xctest */,
				727D220E206AA531001F3A35 /* VirtualTouristUITests.xctest */,
			);
			name = Products;
			sourceTree = "<group>";
		};
		727D21F1206AA531001F3A35 /* VirtualTourist */ = {
			isa = PBXGroup;
			children = (
				723B60EA208400BB007A7EF0 /* View */,
				727D2220206AA809001F3A35 /* Model */,
				727D21F2206AA531001F3A35 /* AppDelegate.swift */,
				728ACF75208115B40005A60A /* View Controllers */,
				727D21F6206AA531001F3A35 /* Main.storyboard */,
				727D21F9206AA531001F3A35 /* Assets.xcassets */,
				727D21FB206AA531001F3A35 /* LaunchScreen.storyboard */,
				727D21FE206AA531001F3A35 /* Info.plist */,
				725D94132081451D0007B2D0 /* Flickr Client */,
			);
			path = VirtualTourist;
			sourceTree = "<group>";
		};
		727D2206206AA531001F3A35 /* VirtualTouristTests */ = {
			isa = PBXGroup;
			children = (
				727D2207206AA531001F3A35 /* VirtualTouristTests.swift */,
				727D2209206AA531001F3A35 /* Info.plist */,
			);
			path = VirtualTouristTests;
			sourceTree = "<group>";
		};
		727D2211206AA531001F3A35 /* VirtualTouristUITests */ = {
			isa = PBXGroup;
			children = (
				727D2212206AA531001F3A35 /* VirtualTouristUITests.swift */,
				727D2214206AA531001F3A35 /* Info.plist */,
			);
			path = VirtualTouristUITests;
			sourceTree = "<group>";
		};
		727D2220206AA809001F3A35 /* Model */ = {
			isa = PBXGroup;
			children = (
				7228216A206ACC490097A891 /* GCD */,
				72F04F96210C988C008209F7 /* VirtualTourist-Demo.xcdatamodeld */,
				7201F01F20755DEF0026C710 /* DataController.swift */,
				72701450208071D200866751 /* Pin+Extensions.swift */,
			);
			path = Model;
			sourceTree = "<group>";
		};
		728ACF75208115B40005A60A /* View Controllers */ = {
			isa = PBXGroup;
			children = (
				727D21F4206AA531001F3A35 /* TravelLocationsViewController.swift */,
				728ACF76208116980005A60A /* PhotoAlbumViewController.swift */,
			);
			path = "View Controllers";
			sourceTree = "<group>";
		};
/* End PBXGroup section */

/* Begin PBXNativeTarget section */
		727D21EE206AA531001F3A35 /* VirtualTourist */ = {
			isa = PBXNativeTarget;
			buildConfigurationList = 727D2217206AA531001F3A35 /* Build configuration list for PBXNativeTarget "VirtualTourist" */;
			buildPhases = (
				727D21EB206AA531001F3A35 /* Sources */,
				727D21EC206AA531001F3A35 /* Frameworks */,
				727D21ED206AA531001F3A35 /* Resources */,
			);
			buildRules = (
			);
			dependencies = (
			);
			name = VirtualTourist;
			productName = VirtualTourist;
			productReference = 727D21EF206AA531001F3A35 /* VirtualTourist.app */;
			productType = "com.apple.product-type.application";
		};
		727D2202206AA531001F3A35 /* VirtualTouristTests */ = {
			isa = PBXNativeTarget;
			buildConfigurationList = 727D221A206AA531001F3A35 /* Build configuration list for PBXNativeTarget "VirtualTouristTests" */;
			buildPhases = (
				727D21FF206AA531001F3A35 /* Sources */,
				727D2200206AA531001F3A35 /* Frameworks */,
				727D2201206AA531001F3A35 /* Resources */,
			);
			buildRules = (
			);
			dependencies = (
				727D2205206AA531001F3A35 /* PBXTargetDependency */,
			);
			name = VirtualTouristTests;
			productName = VirtualTouristTests;
			productReference = 727D2203206AA531001F3A35 /* VirtualTouristTests.xctest */;
			productType = "com.apple.product-type.bundle.unit-test";
		};
		727D220D206AA531001F3A35 /* VirtualTouristUITests */ = {
			isa = PBXNativeTarget;
			buildConfigurationList = 727D221D206AA531001F3A35 /* Build configuration list for PBXNativeTarget "VirtualTouristUITests" */;
			buildPhases = (
				727D220A206AA531001F3A35 /* Sources */,
				727D220B206AA531001F3A35 /* Frameworks */,
				727D220C206AA531001F3A35 /* Resources */,
			);
			buildRules = (
			);
			dependencies = (
				727D2210206AA531001F3A35 /* PBXTargetDependency */,
			);
			name = VirtualTouristUITests;
			productName = VirtualTouristUITests;
			productReference = 727D220E206AA531001F3A35 /* VirtualTouristUITests.xctest */;
			productType = "com.apple.product-type.bundle.ui-testing";
		};
/* End PBXNativeTarget section */

/* Begin PBXProject section */
		727D21E7206AA531001F3A35 /* Project object */ = {
			isa = PBXProject;
			attributes = {
				LastSwiftUpdateCheck = 0920;
				LastUpgradeCheck = 0920;
				ORGANIZATIONNAME = "Timothy Ng";
				TargetAttributes = {
					727D21EE206AA531001F3A35 = {
						CreatedOnToolsVersion = 9.2;
						ProvisioningStyle = Automatic;
					};
					727D2202206AA531001F3A35 = {
						CreatedOnToolsVersion = 9.2;
						ProvisioningStyle = Automatic;
						TestTargetID = 727D21EE206AA531001F3A35;
					};
					727D220D206AA531001F3A35 = {
						CreatedOnToolsVersion = 9.2;
						ProvisioningStyle = Automatic;
						TestTargetID = 727D21EE206AA531001F3A35;
					};
				};
			};
			buildConfigurationList = 727D21EA206AA531001F3A35 /* Build configuration list for PBXProject "VirtualTourist" */;
			compatibilityVersion = "Xcode 8.0";
			developmentRegion = en;
			hasScannedForEncodings = 0;
			knownRegions = (
				en,
				Base,
			);
			mainGroup = 727D21E6206AA531001F3A35;
			productRefGroup = 727D21F0206AA531001F3A35 /* Products */;
			projectDirPath = "";
			projectRoot = "";
			targets = (
				727D21EE206AA531001F3A35 /* VirtualTourist */,
				727D2202206AA531001F3A35 /* VirtualTouristTests */,
				727D220D206AA531001F3A35 /* VirtualTouristUITests */,
			);
		};
/* End PBXProject section */

/* Begin PBXResourcesBuildPhase section */
		727D21ED206AA531001F3A35 /* Resources */ = {
			isa = PBXResourcesBuildPhase;
			buildActionMask = 2147483647;
			files = (
				727D21FD206AA531001F3A35 /* LaunchScreen.storyboard in Resources */,
				727D21FA206AA531001F3A35 /* Assets.xcassets in Resources */,
				727D21F8206AA531001F3A35 /* Main.storyboard in Resources */,
			);
			runOnlyForDeploymentPostprocessing = 0;
		};
		727D2201206AA531001F3A35 /* Resources */ = {
			isa = PBXResourcesBuildPhase;
			buildActionMask = 2147483647;
			files = (
			);
			runOnlyForDeploymentPostprocessing = 0;
		};
		727D220C206AA531001F3A35 /* Resources */ = {
			isa = PBXResourcesBuildPhase;
			buildActionMask = 2147483647;
			files = (
			);
			runOnlyForDeploymentPostprocessing = 0;
		};
/* End PBXResourcesBuildPhase section */

/* Begin PBXSourcesBuildPhase section */
		727D21EB206AA531001F3A35 /* Sources */ = {
			isa = PBXSourcesBuildPhase;
			buildActionMask = 2147483647;
			files = (
				725D9419208178A50007B2D0 /* FlickrConvenience.swift in Sources */,
				723B60EC208400E4007A7EF0 /* ImageCollectionViewCell.swift in Sources */,
				7201F02020755DEF0026C710 /* DataController.swift in Sources */,
				725D9417208148280007B2D0 /* FlickrConstants.swift in Sources */,
				728ACF77208116980005A60A /* PhotoAlbumViewController.swift in Sources */,
				727D21F5206AA531001F3A35 /* TravelLocationsViewController.swift in Sources */,
				7228216C206ACC550097A891 /* GCDMain.swift in Sources */,
				727D21F3206AA531001F3A35 /* AppDelegate.swift in Sources */,
				72701451208071D200866751 /* Pin+Extensions.swift in Sources */,
				72F04F98210C988C008209F7 /* VirtualTourist-Demo.xcdatamodeld in Sources */,
				725D9415208146310007B2D0 /* FlickrClient.swift in Sources */,
			);
			runOnlyForDeploymentPostprocessing = 0;
		};
		727D21FF206AA531001F3A35 /* Sources */ = {
			isa = PBXSourcesBuildPhase;
			buildActionMask = 2147483647;
			files = (
				727D2208206AA531001F3A35 /* VirtualTouristTests.swift in Sources */,
			);
			runOnlyForDeploymentPostprocessing = 0;
		};
		727D220A206AA531001F3A35 /* Sources */ = {
			isa = PBXSourcesBuildPhase;
			buildActionMask = 2147483647;
			files = (
				727D2213206AA531001F3A35 /* VirtualTouristUITests.swift in Sources */,
			);
			runOnlyForDeploymentPostprocessing = 0;
		};
/* End PBXSourcesBuildPhase section */

/* Begin PBXTargetDependency section */
		727D2205206AA531001F3A35 /* PBXTargetDependency */ = {
			isa = PBXTargetDependency;
			target = 727D21EE206AA531001F3A35 /* VirtualTourist */;
			targetProxy = 727D2204206AA531001F3A35 /* PBXContainerItemProxy */;
		};
		727D2210206AA531001F3A35 /* PBXTargetDependency */ = {
			isa = PBXTargetDependency;
			target = 727D21EE206AA531001F3A35 /* VirtualTourist */;
			targetProxy = 727D220F206AA531001F3A35 /* PBXContainerItemProxy */;
		};
/* End PBXTargetDependency section */

/* Begin PBXVariantGroup section */
		727D21F6206AA531001F3A35 /* Main.storyboard */ = {
			isa = PBXVariantGroup;
			children = (
				727D21F7206AA531001F3A35 /* Base */,
			);
			name = Main.storyboard;
			sourceTree = "<group>";
		};
		727D21FB206AA531001F3A35 /* LaunchScreen.storyboard */ = {
			isa = PBXVariantGroup;
			children = (
				727D21FC206AA531001F3A35 /* Base */,
			);
			name = LaunchScreen.storyboard;
			sourceTree = "<group>";
		};
/* End PBXVariantGroup section */

/* Begin XCBuildConfiguration section */
		727D2215206AA531001F3A35 /* Debug */ = {
			isa = XCBuildConfiguration;
			buildSettings = {
				ALWAYS_SEARCH_USER_PATHS = NO;
				CLANG_ANALYZER_NONNULL = YES;
				CLANG_ANALYZER_NUMBER_OBJECT_CONVERSION = YES_AGGRESSIVE;
				CLANG_CXX_LANGUAGE_STANDARD = "gnu++14";
				CLANG_CXX_LIBRARY = "libc++";
				CLANG_ENABLE_MODULES = YES;
				CLANG_ENABLE_OBJC_ARC = YES;
				CLANG_WARN_BLOCK_CAPTURE_AUTORELEASING = YES;
				CLANG_WARN_BOOL_CONVERSION = YES;
				CLANG_WARN_COMMA = YES;
				CLANG_WARN_CONSTANT_CONVERSION = YES;
				CLANG_WARN_DIRECT_OBJC_ISA_USAGE = YES_ERROR;
				CLANG_WARN_DOCUMENTATION_COMMENTS = YES;
				CLANG_WARN_EMPTY_BODY = YES;
				CLANG_WARN_ENUM_CONVERSION = YES;
				CLANG_WARN_INFINITE_RECURSION = YES;
				CLANG_WARN_INT_CONVERSION = YES;
				CLANG_WARN_NON_LITERAL_NULL_CONVERSION = YES;
				CLANG_WARN_OBJC_LITERAL_CONVERSION = YES;
				CLANG_WARN_OBJC_ROOT_CLASS = YES_ERROR;
				CLANG_WARN_RANGE_LOOP_ANALYSIS = YES;
				CLANG_WARN_STRICT_PROTOTYPES = YES;
				CLANG_WARN_SUSPICIOUS_MOVE = YES;
				CLANG_WARN_UNGUARDED_AVAILABILITY = YES_AGGRESSIVE;
				CLANG_WARN_UNREACHABLE_CODE = YES;
				CLANG_WARN__DUPLICATE_METHOD_MATCH = YES;
				CODE_SIGN_IDENTITY = "iPhone Developer";
				COPY_PHASE_STRIP = NO;
				DEBUG_INFORMATION_FORMAT = dwarf;
				ENABLE_STRICT_OBJC_MSGSEND = YES;
				ENABLE_TESTABILITY = YES;
				GCC_C_LANGUAGE_STANDARD = gnu11;
				GCC_DYNAMIC_NO_PIC = NO;
				GCC_NO_COMMON_BLOCKS = YES;
				GCC_OPTIMIZATION_LEVEL = 0;
				GCC_PREPROCESSOR_DEFINITIONS = (
					"DEBUG=1",
					"$(inherited)",
				);
				GCC_WARN_64_TO_32_BIT_CONVERSION = YES;
				GCC_WARN_ABOUT_RETURN_TYPE = YES_ERROR;
				GCC_WARN_UNDECLARED_SELECTOR = YES;
				GCC_WARN_UNINITIALIZED_AUTOS = YES_AGGRESSIVE;
				GCC_WARN_UNUSED_FUNCTION = YES;
				GCC_WARN_UNUSED_VARIABLE = YES;
				IPHONEOS_DEPLOYMENT_TARGET = 11.2;
				MTL_ENABLE_DEBUG_INFO = YES;
				ONLY_ACTIVE_ARCH = YES;
				SDKROOT = iphoneos;
				SWIFT_ACTIVE_COMPILATION_CONDITIONS = DEBUG;
				SWIFT_OPTIMIZATION_LEVEL = "-Onone";
			};
			name = Debug;
		};
		727D2216206AA531001F3A35 /* Release */ = {
			isa = XCBuildConfiguration;
			buildSettings = {
				ALWAYS_SEARCH_USER_PATHS = NO;
				CLANG_ANALYZER_NONNULL = YES;
				CLANG_ANALYZER_NUMBER_OBJECT_CONVERSION = YES_AGGRESSIVE;
				CLANG_CXX_LANGUAGE_STANDARD = "gnu++14";
				CLANG_CXX_LIBRARY = "libc++";
				CLANG_ENABLE_MODULES = YES;
				CLANG_ENABLE_OBJC_ARC = YES;
				CLANG_WARN_BLOCK_CAPTURE_AUTORELEASING = YES;
				CLANG_WARN_BOOL_CONVERSION = YES;
				CLANG_WARN_COMMA = YES;
				CLANG_WARN_CONSTANT_CONVERSION = YES;
				CLANG_WARN_DIRECT_OBJC_ISA_USAGE = YES_ERROR;
				CLANG_WARN_DOCUMENTATION_COMMENTS = YES;
				CLANG_WARN_EMPTY_BODY = YES;
				CLANG_WARN_ENUM_CONVERSION = YES;
				CLANG_WARN_INFINITE_RECURSION = YES;
				CLANG_WARN_INT_CONVERSION = YES;
				CLANG_WARN_NON_LITERAL_NULL_CONVERSION = YES;
				CLANG_WARN_OBJC_LITERAL_CONVERSION = YES;
				CLANG_WARN_OBJC_ROOT_CLASS = YES_ERROR;
				CLANG_WARN_RANGE_LOOP_ANALYSIS = YES;
				CLANG_WARN_STRICT_PROTOTYPES = YES;
				CLANG_WARN_SUSPICIOUS_MOVE = YES;
				CLANG_WARN_UNGUARDED_AVAILABILITY = YES_AGGRESSIVE;
				CLANG_WARN_UNREACHABLE_CODE = YES;
				CLANG_WARN__DUPLICATE_METHOD_MATCH = YES;
				CODE_SIGN_IDENTITY = "iPhone Developer";
				COPY_PHASE_STRIP = NO;
				DEBUG_INFORMATION_FORMAT = "dwarf-with-dsym";
				ENABLE_NS_ASSERTIONS = NO;
				ENABLE_STRICT_OBJC_MSGSEND = YES;
				GCC_C_LANGUAGE_STANDARD = gnu11;
				GCC_NO_COMMON_BLOCKS = YES;
				GCC_WARN_64_TO_32_BIT_CONVERSION = YES;
				GCC_WARN_ABOUT_RETURN_TYPE = YES_ERROR;
				GCC_WARN_UNDECLARED_SELECTOR = YES;
				GCC_WARN_UNINITIALIZED_AUTOS = YES_AGGRESSIVE;
				GCC_WARN_UNUSED_FUNCTION = YES;
				GCC_WARN_UNUSED_VARIABLE = YES;
				IPHONEOS_DEPLOYMENT_TARGET = 11.2;
				MTL_ENABLE_DEBUG_INFO = NO;
				SDKROOT = iphoneos;
				SWIFT_OPTIMIZATION_LEVEL = "-Owholemodule";
				VALIDATE_PRODUCT = YES;
			};
			name = Release;
		};
		727D2218206AA531001F3A35 /* Debug */ = {
			isa = XCBuildConfiguration;
			buildSettings = {
				ASSETCATALOG_COMPILER_APPICON_NAME = AppIcon;
				CODE_SIGN_STYLE = Automatic;
				DEVELOPMENT_TEAM = 4FHNL9NUFZ;
				INFOPLIST_FILE = VirtualTourist/Info.plist;
				LD_RUNPATH_SEARCH_PATHS = "$(inherited) @executable_path/Frameworks";
				PRODUCT_BUNDLE_IDENTIFIER = com.timothyng.VT;
				PRODUCT_NAME = "$(TARGET_NAME)";
				SWIFT_VERSION = 4.0;
				TARGETED_DEVICE_FAMILY = "1,2";
			};
			name = Debug;
		};
		727D2219206AA531001F3A35 /* Release */ = {
			isa = XCBuildConfiguration;
			buildSettings = {
				ASSETCATALOG_COMPILER_APPICON_NAME = AppIcon;
				CODE_SIGN_STYLE = Automatic;
				DEVELOPMENT_TEAM = 4FHNL9NUFZ;
				INFOPLIST_FILE = VirtualTourist/Info.plist;
				LD_RUNPATH_SEARCH_PATHS = "$(inherited) @executable_path/Frameworks";
				PRODUCT_BUNDLE_IDENTIFIER = com.timothyng.VT;
				PRODUCT_NAME = "$(TARGET_NAME)";
				SWIFT_VERSION = 4.0;
				TARGETED_DEVICE_FAMILY = "1,2";
			};
			name = Release;
		};
		727D221B206AA531001F3A35 /* Debug */ = {
			isa = XCBuildConfiguration;
			buildSettings = {
				ALWAYS_EMBED_SWIFT_STANDARD_LIBRARIES = YES;
				BUNDLE_LOADER = "$(TEST_HOST)";
				CODE_SIGN_STYLE = Automatic;
				DEVELOPMENT_TEAM = 8FEPG5HWR5;
				INFOPLIST_FILE = VirtualTouristTests/Info.plist;
				LD_RUNPATH_SEARCH_PATHS = "$(inherited) @executable_path/Frameworks @loader_path/Frameworks";
				PRODUCT_BUNDLE_IDENTIFIER = com.timothyng.VirtualTouristTests;
				PRODUCT_NAME = "$(TARGET_NAME)";
				SWIFT_VERSION = 4.0;
				TARGETED_DEVICE_FAMILY = "1,2";
				TEST_HOST = "$(BUILT_PRODUCTS_DIR)/VirtualTourist.app/VirtualTourist";
			};
			name = Debug;
		};
		727D221C206AA531001F3A35 /* Release */ = {
			isa = XCBuildConfiguration;
			buildSettings = {
				ALWAYS_EMBED_SWIFT_STANDARD_LIBRARIES = YES;
				BUNDLE_LOADER = "$(TEST_HOST)";
				CODE_SIGN_STYLE = Automatic;
				DEVELOPMENT_TEAM = 8FEPG5HWR5;
				INFOPLIST_FILE = VirtualTouristTests/Info.plist;
				LD_RUNPATH_SEARCH_PATHS = "$(inherited) @executable_path/Frameworks @loader_path/Frameworks";
				PRODUCT_BUNDLE_IDENTIFIER = com.timothyng.VirtualTouristTests;
				PRODUCT_NAME = "$(TARGET_NAME)";
				SWIFT_VERSION = 4.0;
				TARGETED_DEVICE_FAMILY = "1,2";
				TEST_HOST = "$(BUILT_PRODUCTS_DIR)/VirtualTourist.app/VirtualTourist";
			};
			name = Release;
		};
		727D221E206AA531001F3A35 /* Debug */ = {
			isa = XCBuildConfiguration;
			buildSettings = {
				ALWAYS_EMBED_SWIFT_STANDARD_LIBRARIES = YES;
				CODE_SIGN_STYLE = Automatic;
				DEVELOPMENT_TEAM = 8FEPG5HWR5;
				INFOPLIST_FILE = VirtualTouristUITests/Info.plist;
				LD_RUNPATH_SEARCH_PATHS = "$(inherited) @executable_path/Frameworks @loader_path/Frameworks";
				PRODUCT_BUNDLE_IDENTIFIER = com.timothyng.VirtualTouristUITests;
				PRODUCT_NAME = "$(TARGET_NAME)";
				SWIFT_VERSION = 4.0;
				TARGETED_DEVICE_FAMILY = "1,2";
				TEST_TARGET_NAME = VirtualTourist;
			};
			name = Debug;
		};
		727D221F206AA531001F3A35 /* Release */ = {
			isa = XCBuildConfiguration;
			buildSettings = {
				ALWAYS_EMBED_SWIFT_STANDARD_LIBRARIES = YES;
				CODE_SIGN_STYLE = Automatic;
				DEVELOPMENT_TEAM = 8FEPG5HWR5;
				INFOPLIST_FILE = VirtualTouristUITests/Info.plist;
				LD_RUNPATH_SEARCH_PATHS = "$(inherited) @executable_path/Frameworks @loader_path/Frameworks";
				PRODUCT_BUNDLE_IDENTIFIER = com.timothyng.VirtualTouristUITests;
				PRODUCT_NAME = "$(TARGET_NAME)";
				SWIFT_VERSION = 4.0;
				TARGETED_DEVICE_FAMILY = "1,2";
				TEST_TARGET_NAME = VirtualTourist;
			};
			name = Release;
		};
/* End XCBuildConfiguration section */

/* Begin XCConfigurationList section */
		727D21EA206AA531001F3A35 /* Build configuration list for PBXProject "VirtualTourist" */ = {
			isa = XCConfigurationList;
			buildConfigurations = (
				727D2215206AA531001F3A35 /* Debug */,
				727D2216206AA531001F3A35 /* Release */,
			);
			defaultConfigurationIsVisible = 0;
			defaultConfigurationName = Release;
		};
		727D2217206AA531001F3A35 /* Build configuration list for PBXNativeTarget "VirtualTourist" */ = {
			isa = XCConfigurationList;
			buildConfigurations = (
				727D2218206AA531001F3A35 /* Debug */,
				727D2219206AA531001F3A35 /* Release */,
			);
			defaultConfigurationIsVisible = 0;
			defaultConfigurationName = Release;
		};
		727D221A206AA531001F3A35 /* Build configuration list for PBXNativeTarget "VirtualTouristTests" */ = {
			isa = XCConfigurationList;
			buildConfigurations = (
				727D221B206AA531001F3A35 /* Debug */,
				727D221C206AA531001F3A35 /* Release */,
			);
			defaultConfigurationIsVisible = 0;
			defaultConfigurationName = Release;
		};
		727D221D206AA531001F3A35 /* Build configuration list for PBXNativeTarget "VirtualTouristUITests" */ = {
			isa = XCConfigurationList;
			buildConfigurations = (
				727D221E206AA531001F3A35 /* Debug */,
				727D221F206AA531001F3A35 /* Release */,
			);
			defaultConfigurationIsVisible = 0;
			defaultConfigurationName = Release;
		};
/* End XCConfigurationList section */

/* Begin XCVersionGroup section */
		72F04F96210C988C008209F7 /* VirtualTourist-Demo.xcdatamodeld */ = {
			isa = XCVersionGroup;
			children = (
				72F04F97210C988C008209F7 /* VirtualTourist-Demo.xcdatamodel */,
			);
			currentVersion = 72F04F97210C988C008209F7 /* VirtualTourist-Demo.xcdatamodel */;
			path = "VirtualTourist-Demo.xcdatamodeld";
			sourceTree = "<group>";
			versionGroupType = wrapper.xcdatamodel;
		};
/* End XCVersionGroup section */
	};
	rootObject = 727D21E7206AA531001F3A35 /* Project object */;
}
